
Microsoft Visual Studio Solution File, Format Version 12.00
# Visual Studio Version 16
VisualStudioVersion = 16.0.29519.87
MinimumVisualStudioVersion = 10.0.40219.1
Project("{FAE04EC0-301F-11D3-BF4B-00C04F79EFBC}") = "SeatMonitoringApplication", "座席監視アプリ\SeatMonitoringApplication.csproj", "{891BA7DA-0F1E-4DDF-8FAA-D9FF3D7D16A4}"
EndProject
Project("{FAE04EC0-301F-11D3-BF4B-00C04F79EFBC}") = "SeatMonitoringApplicationTest", "SeatMonitoringApplicationTest\SeatMonitoringApplicationTest.csproj", "{456DE708-7527-43A1-AA3E-AFCEEE65381F}"
EndProject
Global
	GlobalSection(SolutionConfigurationPlatforms) = preSolution
		Debug|Any CPU = Debug|Any CPU
		Release|Any CPU = Release|Any CPU
	EndGlobalSection
	GlobalSection(ProjectConfigurationPlatforms) = postSolution
		{891BA7DA-0F1E-4DDF-8FAA-D9FF3D7D16A4}.Debug|Any CPU.ActiveCfg = Debug|Any CPU
		{891BA7DA-0F1E-4DDF-8FAA-D9FF3D7D16A4}.Debug|Any CPU.Build.0 = Debug|Any CPU
		{891BA7DA-0F1E-4DDF-8FAA-D9FF3D7D16A4}.Release|Any CPU.ActiveCfg = Release|Any CPU
		{891BA7DA-0F1E-4DDF-8FAA-D9FF3D7D16A4}.Release|Any CPU.Build.0 = Release|Any CPU
		{456DE708-7527-43A1-AA3E-AFCEEE65381F}.Debug|Any CPU.ActiveCfg = Debug|Any CPU
		{456DE708-7527-43A1-AA3E-AFCEEE65381F}.Debug|Any CPU.Build.0 = Debug|Any CPU
		{456DE708-7527-43A1-AA3E-AFCEEE65381F}.Release|Any CPU.ActiveCfg = Release|Any CPU
		{456DE708-7527-43A1-AA3E-AFCEEE65381F}.Release|Any CPU.Build.0 = Release|Any CPU
	EndGlobalSection
	GlobalSection(SolutionProperties) = preSolution
		HideSolutionNode = FALSE
	EndGlobalSection
	GlobalSection(ExtensibilityGlobals) = postSolution
		SolutionGuid = {65DD4AEE-5604-47AA-8F2E-4FBE5193D812}
	EndGlobalSection
EndGlobal
