
Microsoft Visual Studio Solution File, Format Version 12.00
# Visual Studio Version 16
VisualStudioVersion = 16.0.29519.87
MinimumVisualStudioVersion = 10.0.40219.1
Project("{FAE04EC0-301F-11D3-BF4B-00C04F79EFBC}") = "SeatMonitoringAPI", "SeatMonitoringAPI\SeatMonitoringAPI.csproj", "{CBCF0D9D-C1A8-401D-A28D-6948BAD70BEC}"
	ProjectSection(ProjectDependencies) = postProject
		{7F969EFB-8AE4-4131-B445-9C44E9BE1744} = {7F969EFB-8AE4-4131-B445-9C44E9BE1744}
	EndProjectSection
EndProject
Project("{FAE04EC0-301F-11D3-BF4B-00C04F79EFBC}") = "SeatMonitoringAPITest", "SeatMonitoringAPITest\SeatMonitoringAPITest.csproj", "{0DFC6922-0CD0-4C82-B3E0-F3AEFCD77DDA}"
EndProject
Project("{8BC9CEB8-8B4A-11D0-8D11-00A0C91BC942}") = "HumanDetector", "HumanDetector\HumanDetector.vcxproj", "{7F969EFB-8AE4-4131-B445-9C44E9BE1744}"
EndProject
Global
	GlobalSection(SolutionConfigurationPlatforms) = preSolution
		Debug|Any CPU = Debug|Any CPU
		Debug|x64 = Debug|x64
		Debug|x86 = Debug|x86
		JointTestDebug|Any CPU = JointTestDebug|Any CPU
		JointTestDebug|x64 = JointTestDebug|x64
		JointTestDebug|x86 = JointTestDebug|x86
		JointTestRelease|Any CPU = JointTestRelease|Any CPU
		JointTestRelease|x64 = JointTestRelease|x64
		JointTestRelease|x86 = JointTestRelease|x86
		Release|Any CPU = Release|Any CPU
		Release|x64 = Release|x64
		Release|x86 = Release|x86
	EndGlobalSection
	GlobalSection(ProjectConfigurationPlatforms) = postSolution
		{CBCF0D9D-C1A8-401D-A28D-6948BAD70BEC}.Debug|Any CPU.ActiveCfg = Debug|Any CPU
		{CBCF0D9D-C1A8-401D-A28D-6948BAD70BEC}.Debug|Any CPU.Build.0 = Debug|Any CPU
		{CBCF0D9D-C1A8-401D-A28D-6948BAD70BEC}.Debug|x64.ActiveCfg = Debug|Any CPU
		{CBCF0D9D-C1A8-401D-A28D-6948BAD70BEC}.Debug|x64.Build.0 = Debug|Any CPU
		{CBCF0D9D-C1A8-401D-A28D-6948BAD70BEC}.Debug|x86.ActiveCfg = Debug|Any CPU
		{CBCF0D9D-C1A8-401D-A28D-6948BAD70BEC}.Debug|x86.Build.0 = Debug|Any CPU
		{CBCF0D9D-C1A8-401D-A28D-6948BAD70BEC}.JointTestDebug|Any CPU.ActiveCfg = JointTestDebug|Any CPU
		{CBCF0D9D-C1A8-401D-A28D-6948BAD70BEC}.JointTestDebug|Any CPU.Build.0 = JointTestDebug|Any CPU
		{CBCF0D9D-C1A8-401D-A28D-6948BAD70BEC}.JointTestDebug|x64.ActiveCfg = JointTestDebug|Any CPU
		{CBCF0D9D-C1A8-401D-A28D-6948BAD70BEC}.JointTestDebug|x64.Build.0 = JointTestDebug|Any CPU
		{CBCF0D9D-C1A8-401D-A28D-6948BAD70BEC}.JointTestDebug|x86.ActiveCfg = JointTestDebug|Any CPU
		{CBCF0D9D-C1A8-401D-A28D-6948BAD70BEC}.JointTestDebug|x86.Build.0 = JointTestDebug|Any CPU
		{CBCF0D9D-C1A8-401D-A28D-6948BAD70BEC}.JointTestRelease|Any CPU.ActiveCfg = JointTestRelease|Any CPU
		{CBCF0D9D-C1A8-401D-A28D-6948BAD70BEC}.JointTestRelease|Any CPU.Build.0 = JointTestRelease|Any CPU
		{CBCF0D9D-C1A8-401D-A28D-6948BAD70BEC}.JointTestRelease|x64.ActiveCfg = JointTestRelease|Any CPU
		{CBCF0D9D-C1A8-401D-A28D-6948BAD70BEC}.JointTestRelease|x64.Build.0 = JointTestRelease|Any CPU
		{CBCF0D9D-C1A8-401D-A28D-6948BAD70BEC}.JointTestRelease|x86.ActiveCfg = JointTestRelease|Any CPU
		{CBCF0D9D-C1A8-401D-A28D-6948BAD70BEC}.JointTestRelease|x86.Build.0 = JointTestRelease|Any CPU
		{CBCF0D9D-C1A8-401D-A28D-6948BAD70BEC}.Release|Any CPU.ActiveCfg = Release|Any CPU
		{CBCF0D9D-C1A8-401D-A28D-6948BAD70BEC}.Release|Any CPU.Build.0 = Release|Any CPU
		{CBCF0D9D-C1A8-401D-A28D-6948BAD70BEC}.Release|x64.ActiveCfg = Release|Any CPU
		{CBCF0D9D-C1A8-401D-A28D-6948BAD70BEC}.Release|x64.Build.0 = Release|Any CPU
		{CBCF0D9D-C1A8-401D-A28D-6948BAD70BEC}.Release|x86.ActiveCfg = Release|Any CPU
		{CBCF0D9D-C1A8-401D-A28D-6948BAD70BEC}.Release|x86.Build.0 = Release|Any CPU
		{0DFC6922-0CD0-4C82-B3E0-F3AEFCD77DDA}.Debug|Any CPU.ActiveCfg = Debug|Any CPU
		{0DFC6922-0CD0-4C82-B3E0-F3AEFCD77DDA}.Debug|Any CPU.Build.0 = Debug|Any CPU
		{0DFC6922-0CD0-4C82-B3E0-F3AEFCD77DDA}.Debug|x64.ActiveCfg = Debug|Any CPU
		{0DFC6922-0CD0-4C82-B3E0-F3AEFCD77DDA}.Debug|x64.Build.0 = Debug|Any CPU
		{0DFC6922-0CD0-4C82-B3E0-F3AEFCD77DDA}.Debug|x86.ActiveCfg = Debug|Any CPU
		{0DFC6922-0CD0-4C82-B3E0-F3AEFCD77DDA}.Debug|x86.Build.0 = Debug|Any CPU
		{0DFC6922-0CD0-4C82-B3E0-F3AEFCD77DDA}.JointTestDebug|Any CPU.ActiveCfg = Debug|Any CPU
		{0DFC6922-0CD0-4C82-B3E0-F3AEFCD77DDA}.JointTestDebug|Any CPU.Build.0 = Debug|Any CPU
		{0DFC6922-0CD0-4C82-B3E0-F3AEFCD77DDA}.JointTestDebug|x64.ActiveCfg = JointTestDebug|Any CPU
		{0DFC6922-0CD0-4C82-B3E0-F3AEFCD77DDA}.JointTestDebug|x64.Build.0 = JointTestDebug|Any CPU
		{0DFC6922-0CD0-4C82-B3E0-F3AEFCD77DDA}.JointTestDebug|x86.ActiveCfg = JointTestDebug|Any CPU
		{0DFC6922-0CD0-4C82-B3E0-F3AEFCD77DDA}.JointTestDebug|x86.Build.0 = JointTestDebug|Any CPU
		{0DFC6922-0CD0-4C82-B3E0-F3AEFCD77DDA}.JointTestRelease|Any CPU.ActiveCfg = Release|Any CPU
		{0DFC6922-0CD0-4C82-B3E0-F3AEFCD77DDA}.JointTestRelease|x64.ActiveCfg = JointTestRelease|Any CPU
		{0DFC6922-0CD0-4C82-B3E0-F3AEFCD77DDA}.JointTestRelease|x64.Build.0 = JointTestRelease|Any CPU
		{0DFC6922-0CD0-4C82-B3E0-F3AEFCD77DDA}.JointTestRelease|x86.ActiveCfg = JointTestRelease|Any CPU
		{0DFC6922-0CD0-4C82-B3E0-F3AEFCD77DDA}.JointTestRelease|x86.Build.0 = JointTestRelease|Any CPU
		{0DFC6922-0CD0-4C82-B3E0-F3AEFCD77DDA}.Release|Any CPU.ActiveCfg = Release|Any CPU
		{0DFC6922-0CD0-4C82-B3E0-F3AEFCD77DDA}.Release|x64.ActiveCfg = Release|Any CPU
		{0DFC6922-0CD0-4C82-B3E0-F3AEFCD77DDA}.Release|x64.Build.0 = Release|Any CPU
		{0DFC6922-0CD0-4C82-B3E0-F3AEFCD77DDA}.Release|x86.ActiveCfg = Release|Any CPU
		{0DFC6922-0CD0-4C82-B3E0-F3AEFCD77DDA}.Release|x86.Build.0 = Release|Any CPU
		{7F969EFB-8AE4-4131-B445-9C44E9BE1744}.Debug|Any CPU.ActiveCfg = Debug|x64
		{7F969EFB-8AE4-4131-B445-9C44E9BE1744}.Debug|Any CPU.Build.0 = Debug|x64
		{7F969EFB-8AE4-4131-B445-9C44E9BE1744}.Debug|x64.ActiveCfg = Debug|x64
		{7F969EFB-8AE4-4131-B445-9C44E9BE1744}.Debug|x64.Build.0 = Debug|x64
		{7F969EFB-8AE4-4131-B445-9C44E9BE1744}.Debug|x86.ActiveCfg = Debug|Win32
		{7F969EFB-8AE4-4131-B445-9C44E9BE1744}.Debug|x86.Build.0 = Debug|Win32
		{7F969EFB-8AE4-4131-B445-9C44E9BE1744}.JointTestDebug|Any CPU.ActiveCfg = Debug|x64
		{7F969EFB-8AE4-4131-B445-9C44E9BE1744}.JointTestDebug|x64.ActiveCfg = JointTestDebug|x64
		{7F969EFB-8AE4-4131-B445-9C44E9BE1744}.JointTestDebug|x64.Build.0 = JointTestDebug|x64
		{7F969EFB-8AE4-4131-B445-9C44E9BE1744}.JointTestDebug|x86.ActiveCfg = JointTestDebug|Win32
		{7F969EFB-8AE4-4131-B445-9C44E9BE1744}.JointTestDebug|x86.Build.0 = JointTestDebug|Win32
		{7F969EFB-8AE4-4131-B445-9C44E9BE1744}.JointTestRelease|Any CPU.ActiveCfg = Release|x64
		{7F969EFB-8AE4-4131-B445-9C44E9BE1744}.JointTestRelease|x64.ActiveCfg = JointTestRelease|x64
		{7F969EFB-8AE4-4131-B445-9C44E9BE1744}.JointTestRelease|x86.ActiveCfg = JointTestRelease|Win32
		{7F969EFB-8AE4-4131-B445-9C44E9BE1744}.Release|Any CPU.ActiveCfg = Release|x64
		{7F969EFB-8AE4-4131-B445-9C44E9BE1744}.Release|x64.ActiveCfg = Release|x64
		{7F969EFB-8AE4-4131-B445-9C44E9BE1744}.Release|x64.Build.0 = Release|x64
		{7F969EFB-8AE4-4131-B445-9C44E9BE1744}.Release|x86.ActiveCfg = Release|Win32
		{7F969EFB-8AE4-4131-B445-9C44E9BE1744}.Release|x86.Build.0 = Release|Win32
	EndGlobalSection
	GlobalSection(SolutionProperties) = preSolution
		HideSolutionNode = FALSE
	EndGlobalSection
	GlobalSection(ExtensibilityGlobals) = postSolution
		SolutionGuid = {2DCD353B-1D20-40DF-BE5E-55C0E02D87C6}
	EndGlobalSection
EndGlobal
